{
    "_readme": [
        "This file locks the dependencies of your project to a known state",
        "Read more about it at https://getcomposer.org/doc/01-basic-usage.md#installing-dependencies",
        "This file is @generated automatically"
    ],
    "content-hash": "8c5f65d84174fddbd48fdac4e9b0a50e",
    "packages": [],
    "packages-dev": [
        {
            "name": "eaglewu/swoole-ide-helper",
            "version": "dev-master",
            "source": {
                "type": "git",
                "url": "https://github.com/wudi/swoole-ide-helper.git",
                "reference": "70147a030c2dd5c1171bedae3a31970f3bf9c280"
            },
            "dist": {
                "type": "zip",
                "url": "https://api.github.com/repos/wudi/swoole-ide-helper/zipball/70147a030c2dd5c1171bedae3a31970f3bf9c280",
                "reference": "70147a030c2dd5c1171bedae3a31970f3bf9c280",
                "shasum": ""
            },
            "require": {
                "php": ">=7.0"
            },
            "default-branch": true,
            "type": "library",
            "notification-url": "https://packagist.org/downloads/",
            "license": [
                "MIT"
            ],
            "authors": [
                {
                    "name": "eagle",
                    "email": "eaglewudi@gmail.com",
                    "role": "lead"
                }
            ],
            "description": "Swoole IDE Helper, to improve auto-completion",
            "keywords": [
                "autocomplete",
                "codeintel",
                "helper",
                "ide",
                "netbeans",
                "phpdoc",
                "phpstorm",
                "sublime",
                "swoole"
            ],
            "support": {
                "issues": "https://github.com/wudi/swoole-ide-helper/issues",
                "source": "https://github.com/wudi/swoole-ide-helper/tree/master"
            },
            "time": "2021-06-02T17:13:45+00:00"
        }
    ],
    "aliases": [],
    "minimum-stability": "stable",
    "stability-flags": {
        "eaglewu/swoole-ide-helper": 20
    },
    "prefer-stable": false,
    "prefer-lowest": false,
    "platform": [],
    "platform-dev": [],
    "plugin-api-version": "2.1.0"
}
